// !$*UTF8*$!
{
	archiveVersion = 1;
	classes = {
	};
	objectVersion = 46;
	objects = {

/* Begin PBXBuildFile section */
		E3D864AC14A210480016B913 /* UIKit.framework in Frameworks */ = {isa = PBXBuildFile; fileRef = E3D864AB14A210480016B913 /* UIKit.framework */; };
		E3D864AE14A210480016B913 /* Foundation.framework in Frameworks */ = {isa = PBXBuildFile; fileRef = E3D864AD14A210480016B913 /* Foundation.framework */; };
		E3D864B014A210480016B913 /* CoreGraphics.framework in Frameworks */ = {isa = PBXBuildFile; fileRef = E3D864AF14A210480016B913 /* CoreGraphics.framework */; };
		E3D864B614A210490016B913 /* InfoPlist.strings in Resources */ = {isa = PBXBuildFile; fileRef = E3D864B414A210490016B913 /* InfoPlist.strings */; };
		E3D864B814A210490016B913 /* main.m in Sources */ = {isa = PBXBuildFile; fileRef = E3D864B714A210490016B913 /* main.m */; };
		E3D864BC14A210490016B913 /* AppDelegate.m in Sources */ = {isa = PBXBuildFile; fileRef = E3D864BB14A210490016B913 /* AppDelegate.m */; };
		E3D864D014A210490016B913 /* SenTestingKit.framework in Frameworks */ = {isa = PBXBuildFile; fileRef = E3D864CF14A210490016B913 /* SenTestingKit.framework */; };
		E3D864D114A210490016B913 /* UIKit.framework in Frameworks */ = {isa = PBXBuildFile; fileRef = E3D864AB14A210480016B913 /* UIKit.framework */; };
		E3D864D214A210490016B913 /* Foundation.framework in Frameworks */ = {isa = PBXBuildFile; fileRef = E3D864AD14A210480016B913 /* Foundation.framework */; };
		E3D864DA14A210490016B913 /* InfoPlist.strings in Resources */ = {isa = PBXBuildFile; fileRef = E3D864D814A210490016B913 /* InfoPlist.strings */; };
		E3D864DD14A210490016B913 /* LoginTests.m in Sources */ = {isa = PBXBuildFile; fileRef = E3D864DC14A210490016B913 /* LoginTests.m */; };
		E3D864E914A210780016B913 /* LoginTableViewController.m in Sources */ = {isa = PBXBuildFile; fileRef = E3D864E714A210780016B913 /* LoginTableViewController.m */; };
		E3D864EA14A210780016B913 /* LoginTableViewController.xib in Resources */ = {isa = PBXBuildFile; fileRef = E3D864E814A210780016B913 /* LoginTableViewController.xib */; };
		E3D864EE14A210910016B913 /* AppMainView.m in Sources */ = {isa = PBXBuildFile; fileRef = E3D864EC14A210910016B913 /* AppMainView.m */; };
		E3D864EF14A210910016B913 /* AppMainView.xib in Resources */ = {isa = PBXBuildFile; fileRef = E3D864ED14A210910016B913 /* AppMainView.xib */; };
/* End PBXBuildFile section */

/* Begin PBXContainerItemProxy section */
		E3D864D314A210490016B913 /* PBXContainerItemProxy */ = {
			isa = PBXContainerItemProxy;
			containerPortal = E3D8649E14A210480016B913 /* Project object */;
			proxyType = 1;
			remoteGlobalIDString = E3D864A614A210480016B913;
			remoteInfo = Login;
		};
/* End PBXContainerItemProxy section */

/* Begin PBXFileReference section */
		E3D864A714A210480016B913 /* Login.app */ = {isa = PBXFileReference; explicitFileType = wrapper.application; includeInIndex = 0; path = Login.app; sourceTree = BUILT_PRODUCTS_DIR; };
		E3D864AB14A210480016B913 /* UIKit.framework */ = {isa = PBXFileReference; lastKnownFileType = wrapper.framework; name = UIKit.framework; path = System/Library/Frameworks/UIKit.framework; sourceTree = SDKROOT; };
		E3D864AD14A210480016B913 /* Foundation.framework */ = {isa = PBXFileReference; lastKnownFileType = wrapper.framework; name = Foundation.framework; path = System/Library/Frameworks/Foundation.framework; sourceTree = SDKROOT; };
		E3D864AF14A210480016B913 /* CoreGraphics.framework */ = {isa = PBXFileReference; lastKnownFileType = wrapper.framework; name = CoreGraphics.framework; path = System/Library/Frameworks/CoreGraphics.framework; sourceTree = SDKROOT; };
		E3D864B314A210490016B913 /* Login-Info.plist */ = {isa = PBXFileReference; lastKnownFileType = text.plist.xml; path = "Login-Info.plist"; sourceTree = "<group>"; };
		E3D864B514A210490016B913 /* en */ = {isa = PBXFileReference; lastKnownFileType = text.plist.strings; name = en; path = en.lproj/InfoPlist.strings; sourceTree = "<group>"; };
		E3D864B714A210490016B913 /* main.m */ = {isa = PBXFileReference; lastKnownFileType = sourcecode.c.objc; path = main.m; sourceTree = "<group>"; };
		E3D864B914A210490016B913 /* Login-Prefix.pch */ = {isa = PBXFileReference; lastKnownFileType = sourcecode.c.h; path = "Login-Prefix.pch"; sourceTree = "<group>"; };
		E3D864BA14A210490016B913 /* AppDelegate.h */ = {isa = PBXFileReference; lastKnownFileType = sourcecode.c.h; path = AppDelegate.h; sourceTree = "<group>"; };
		E3D864BB14A210490016B913 /* AppDelegate.m */ = {isa = PBXFileReference; lastKnownFileType = sourcecode.c.objc; path = AppDelegate.m; sourceTree = "<group>"; };
		E3D864CE14A210490016B913 /* LoginTests.octest */ = {isa = PBXFileReference; explicitFileType = wrapper.cfbundle; includeInIndex = 0; path = LoginTests.octest; sourceTree = BUILT_PRODUCTS_DIR; };
		E3D864CF14A210490016B913 /* SenTestingKit.framework */ = {isa = PBXFileReference; lastKnownFileType = wrapper.framework; name = SenTestingKit.framework; path = Library/Frameworks/SenTestingKit.framework; sourceTree = DEVELOPER_DIR; };
		E3D864D714A210490016B913 /* LoginTests-Info.plist */ = {isa = PBXFileReference; lastKnownFileType = text.plist.xml; path = "LoginTests-Info.plist"; sourceTree = "<group>"; };
		E3D864D914A210490016B913 /* en */ = {isa = PBXFileReference; lastKnownFileType = text.plist.strings; name = en; path = en.lproj/InfoPlist.strings; sourceTree = "<group>"; };
		E3D864DB14A210490016B913 /* LoginTests.h */ = {isa = PBXFileReference; lastKnownFileType = sourcecode.c.h; path = LoginTests.h; sourceTree = "<group>"; };
		E3D864DC14A210490016B913 /* LoginTests.m */ = {isa = PBXFileReference; lastKnownFileType = sourcecode.c.objc; path = LoginTests.m; sourceTree = "<group>"; };
		E3D864E614A210780016B913 /* LoginTableViewController.h */ = {isa = PBXFileReference; fileEncoding = 4; lastKnownFileType = sourcecode.c.h; path = LoginTableViewController.h; sourceTree = "<group>"; };
		E3D864E714A210780016B913 /* LoginTableViewController.m */ = {isa = PBXFileReference; fileEncoding = 4; lastKnownFileType = sourcecode.c.objc; path = LoginTableViewController.m; sourceTree = "<group>"; };
		E3D864E814A210780016B913 /* LoginTableViewController.xib */ = {isa = PBXFileReference; fileEncoding = 4; lastKnownFileType = file.xib; path = LoginTableViewController.xib; sourceTree = "<group>"; };
		E3D864EB14A210910016B913 /* AppMainView.h */ = {isa = PBXFileReference; fileEncoding = 4; lastKnownFileType = sourcecode.c.h; path = AppMainView.h; sourceTree = "<group>"; };
		E3D864EC14A210910016B913 /* AppMainView.m */ = {isa = PBXFileReference; fileEncoding = 4; lastKnownFileType = sourcecode.c.objc; path = AppMainView.m; sourceTree = "<group>"; };
		E3D864ED14A210910016B913 /* AppMainView.xib */ = {isa = PBXFileReference; fileEncoding = 4; lastKnownFileType = file.xib; path = AppMainView.xib; sourceTree = "<group>"; };
/* End PBXFileReference section */

/* Begin PBXFrameworksBuildPhase section */
		E3D864A414A210480016B913 /* Frameworks */ = {
			isa = PBXFrameworksBuildPhase;
			buildActionMask = 2147483647;
			files = (
				E3D864AC14A210480016B913 /* UIKit.framework in Frameworks */,
				E3D864AE14A210480016B913 /* Foundation.framework in Frameworks */,
				E3D864B014A210480016B913 /* CoreGraphics.framework in Frameworks */,
			);
			runOnlyForDeploymentPostprocessing = 0;
		};
		E3D864CA14A210490016B913 /* Frameworks */ = {
			isa = PBXFrameworksBuildPhase;
			buildActionMask = 2147483647;
			files = (
				E3D864D014A210490016B913 /* SenTestingKit.framework in Frameworks */,
				E3D864D114A210490016B913 /* UIKit.framework in Frameworks */,
				E3D864D214A210490016B913 /* Foundation.framework in Frameworks */,
			);
			runOnlyForDeploymentPostprocessing = 0;
		};
/* End PBXFrameworksBuildPhase section */

/* Begin PBXGroup section */
		E3D8649C14A210480016B913 = {
			isa = PBXGroup;
			children = (
				E3D864B114A210480016B913 /* Login */,
				E3D864D514A210490016B913 /* LoginTests */,
				E3D864AA14A210480016B913 /* Frameworks */,
				E3D864A814A210480016B913 /* Products */,
			);
			sourceTree = "<group>";
		};
		E3D864A814A210480016B913 /* Products */ = {
			isa = PBXGroup;
			children = (
				E3D864A714A210480016B913 /* Login.app */,
				E3D864CE14A210490016B913 /* LoginTests.octest */,
			);
			name = Products;
			sourceTree = "<group>";
		};
		E3D864AA14A210480016B913 /* Frameworks */ = {
			isa = PBXGroup;
			children = (
				E3D864AB14A210480016B913 /* UIKit.framework */,
				E3D864AD14A210480016B913 /* Foundation.framework */,
				E3D864AF14A210480016B913 /* CoreGraphics.framework */,
				E3D864CF14A210490016B913 /* SenTestingKit.framework */,
			);
			name = Frameworks;
			sourceTree = "<group>";
		};
		E3D864B114A210480016B913 /* Login */ = {
			isa = PBXGroup;
			children = (
				E3D864BA14A210490016B913 /* AppDelegate.h */,
				E3D864BB14A210490016B913 /* AppDelegate.m */,
				E3D864B214A210490016B913 /* Supporting Files */,
				E3D864E614A210780016B913 /* LoginTableViewController.h */,
				E3D864E714A210780016B913 /* LoginTableViewController.m */,
				E3D864E814A210780016B913 /* LoginTableViewController.xib */,
				E3D864EB14A210910016B913 /* AppMainView.h */,
				E3D864EC14A210910016B913 /* AppMainView.m */,
				E3D864ED14A210910016B913 /* AppMainView.xib */,
			);
			path = Login;
			sourceTree = "<group>";
		};
		E3D864B214A210490016B913 /* Supporting Files */ = {
			isa = PBXGroup;
			children = (
				E3D864B314A210490016B913 /* Login-Info.plist */,
				E3D864B414A210490016B913 /* InfoPlist.strings */,
				E3D864B714A210490016B913 /* main.m */,
				E3D864B914A210490016B913 /* Login-Prefix.pch */,
			);
			name = "Supporting Files";
			sourceTree = "<group>";
		};
		E3D864D514A210490016B913 /* LoginTests */ = {
			isa = PBXGroup;
			children = (
				E3D864DB14A210490016B913 /* LoginTests.h */,
				E3D864DC14A210490016B913 /* LoginTests.m */,
				E3D864D614A210490016B913 /* Supporting Files */,
			);
			path = LoginTests;
			sourceTree = "<group>";
		};
		E3D864D614A210490016B913 /* Supporting Files */ = {
			isa = PBXGroup;
			children = (
				E3D864D714A210490016B913 /* LoginTests-Info.plist */,
				E3D864D814A210490016B913 /* InfoPlist.strings */,
			);
			name = "Supporting Files";
			sourceTree = "<group>";
		};
/* End PBXGroup section */

/* Begin PBXNativeTarget section */
		E3D864A614A210480016B913 /* Login */ = {
			isa = PBXNativeTarget;
			buildConfigurationList = E3D864E014A210490016B913 /* Build configuration list for PBXNativeTarget "Login" */;
			buildPhases = (
				E3D864A314A210480016B913 /* Sources */,
				E3D864A414A210480016B913 /* Frameworks */,
				E3D864A514A210480016B913 /* Resources */,
			);
			buildRules = (
			);
			dependencies = (
			);
			name = Login;
			productName = Login;
			productReference = E3D864A714A210480016B913 /* Login.app */;
			productType = "com.apple.product-type.application";
		};
		E3D864CD14A210490016B913 /* LoginTests */ = {
			isa = PBXNativeTarget;
			buildConfigurationList = E3D864E314A210490016B913 /* Build configuration list for PBXNativeTarget "LoginTests" */;
			buildPhases = (
				E3D864C914A210490016B913 /* Sources */,
				E3D864CA14A210490016B913 /* Frameworks */,
				E3D864CB14A210490016B913 /* Resources */,
				E3D864CC14A210490016B913 /* ShellScript */,
			);
			buildRules = (
			);
			dependencies = (
				E3D864D414A210490016B913 /* PBXTargetDependency */,
			);
			name = LoginTests;
			productName = LoginTests;
			productReference = E3D864CE14A210490016B913 /* LoginTests.octest */;
			productType = "com.apple.product-type.bundle";
		};
/* End PBXNativeTarget section */

/* Begin PBXProject section */
		E3D8649E14A210480016B913 /* Project object */ = {
			isa = PBXProject;
			attributes = {
				LastUpgradeCheck = 0420;
			};
			buildConfigurationList = E3D864A114A210480016B913 /* Build configuration list for PBXProject "Login" */;
			compatibilityVersion = "Xcode 3.2";
			developmentRegion = English;
			hasScannedForEncodings = 0;
			knownRegions = (
				en,
			);
			mainGroup = E3D8649C14A210480016B913;
			productRefGroup = E3D864A814A210480016B913 /* Products */;
			projectDirPath = "";
			projectRoot = "";
			targets = (
				E3D864A614A210480016B913 /* Login */,
				E3D864CD14A210490016B913 /* LoginTests */,
			);
		};
/* End PBXProject section */

/* Begin PBXResourcesBuildPhase section */
		E3D864A514A210480016B913 /* Resources */ = {
			isa = PBXResourcesBuildPhase;
			buildActionMask = 2147483647;
			files = (
				E3D864B614A210490016B913 /* InfoPlist.strings in Resources */,
				E3D864EA14A210780016B913 /* LoginTableViewController.xib in Resources */,
				E3D864EF14A210910016B913 /* AppMainView.xib in Resources */,
			);
			runOnlyForDeploymentPostprocessing = 0;
		};
		E3D864CB14A210490016B913 /* Resources */ = {
			isa = PBXResourcesBuildPhase;
			buildActionMask = 2147483647;
			files = (
				E3D864DA14A210490016B913 /* InfoPlist.strings in Resources */,
			);
			runOnlyForDeploymentPostprocessing = 0;
		};
/* End PBXResourcesBuildPhase section */

/* Begin PBXShellScriptBuildPhase section */
		E3D864CC14A210490016B913 /* ShellScript */ = {
			isa = PBXShellScriptBuildPhase;
			buildActionMask = 2147483647;
			files = (
			);
			inputPaths = (
			);
			outputPaths = (
			);
			runOnlyForDeploymentPostprocessing = 0;
			shellPath = /bin/sh;
			shellScript = "# Run the unit tests in this test bundle.\n\"${SYSTEM_DEVELOPER_DIR}/Tools/RunUnitTests\"\n";
		};
/* End PBXShellScriptBuildPhase section */

/* Begin PBXSourcesBuildPhase section */
		E3D864A314A210480016B913 /* Sources */ = {
			isa = PBXSourcesBuildPhase;
			buildActionMask = 2147483647;
			files = (
				E3D864B814A210490016B913 /* main.m in Sources */,
				E3D864BC14A210490016B913 /* AppDelegate.m in Sources */,
				E3D864E914A210780016B913 /* LoginTableViewController.m in Sources */,
				E3D864EE14A210910016B913 /* AppMainView.m in Sources */,
			);
			runOnlyForDeploymentPostprocessing = 0;
		};
		E3D864C914A210490016B913 /* Sources */ = {
			isa = PBXSourcesBuildPhase;
			buildActionMask = 2147483647;
			files = (
				E3D864DD14A210490016B913 /* LoginTests.m in Sources */,
			);
			runOnlyForDeploymentPostprocessing = 0;
		};
/* End PBXSourcesBuildPhase section */

/* Begin PBXTargetDependency section */
		E3D864D414A210490016B913 /* PBXTargetDependency */ = {
			isa = PBXTargetDependency;
			target = E3D864A614A210480016B913 /* Login */;
			targetProxy = E3D864D314A210490016B913 /* PBXContainerItemProxy */;
		};
/* End PBXTargetDependency section */

/* Begin PBXVariantGroup section */
		E3D864B414A210490016B913 /* InfoPlist.strings */ = {
			isa = PBXVariantGroup;
			children = (
				E3D864B514A210490016B913 /* en */,
			);
			name = InfoPlist.strings;
			sourceTree = "<group>";
		};
		E3D864D814A210490016B913 /* InfoPlist.strings */ = {
			isa = PBXVariantGroup;
			children = (
				E3D864D914A210490016B913 /* en */,
			);
			name = InfoPlist.strings;
			sourceTree = "<group>";
		};
/* End PBXVariantGroup section */

/* Begin XCBuildConfiguration section */
		E3D864DE14A210490016B913 /* Debug */ = {
			isa = XCBuildConfiguration;
			buildSettings = {
				ALWAYS_SEARCH_USER_PATHS = NO;
				ARCHS = "$(ARCHS_STANDARD_32_BIT)";
				CLANG_ENABLE_OBJC_ARC = YES;
				"CODE_SIGN_IDENTITY[sdk=iphoneos*]" = "iPhone Developer";
				COPY_PHASE_STRIP = NO;
				GCC_C_LANGUAGE_STANDARD = gnu99;
				GCC_DYNAMIC_NO_PIC = NO;
				GCC_OPTIMIZATION_LEVEL = 0;
				GCC_PREPROCESSOR_DEFINITIONS = (
					"DEBUG=1",
					"$(inherited)",
				);
				GCC_SYMBOLS_PRIVATE_EXTERN = NO;
				GCC_VERSION = com.apple.compilers.llvm.clang.1_0;
				GCC_WARN_ABOUT_MISSING_PROTOTYPES = YES;
				GCC_WARN_ABOUT_RETURN_TYPE = YES;
				GCC_WARN_UNUSED_VARIABLE = YES;
				IPHONEOS_DEPLOYMENT_TARGET = 5.0;
				SDKROOT = iphoneos;
			};
			name = Debug;
		};
		E3D864DF14A210490016B913 /* Release */ = {
			isa = XCBuildConfiguration;
			buildSettings = {
				ALWAYS_SEARCH_USER_PATHS = NO;
				ARCHS = "$(ARCHS_STANDARD_32_BIT)";
				CLANG_ENABLE_OBJC_ARC = YES;
				"CODE_SIGN_IDENTITY[sdk=iphoneos*]" = "iPhone Developer";
				COPY_PHASE_STRIP = YES;
				GCC_C_LANGUAGE_STANDARD = gnu99;
				GCC_VERSION = com.apple.compilers.llvm.clang.1_0;
				GCC_WARN_ABOUT_MISSING_PROTOTYPES = YES;
				GCC_WARN_ABOUT_RETURN_TYPE = YES;
				GCC_WARN_UNUSED_VARIABLE = YES;
				IPHONEOS_DEPLOYMENT_TARGET = 5.0;
				OTHER_CFLAGS = "-DNS_BLOCK_ASSERTIONS=1";
				SDKROOT = iphoneos;
				VALIDATE_PRODUCT = YES;
			};
			name = Release;
		};
		E3D864E114A210490016B913 /* Debug */ = {
			isa = XCBuildConfiguration;
			buildSettings = {
				GCC_PRECOMPILE_PREFIX_HEADER = YES;
				GCC_PREFIX_HEADER = "Login/Login-Prefix.pch";
				INFOPLIST_FILE = "Login/Login-Info.plist";
				PRODUCT_NAME = "$(TARGET_NAME)";
				WRAPPER_EXTENSION = app;
			};
			name = Debug;
		};
		E3D864E214A210490016B913 /* Release */ = {
			isa = XCBuildConfiguration;
			buildSettings = {
				GCC_PRECOMPILE_PREFIX_HEADER = YES;
				GCC_PREFIX_HEADER = "Login/Login-Prefix.pch";
				INFOPLIST_FILE = "Login/Login-Info.plist";
				PRODUCT_NAME = "$(TARGET_NAME)";
				WRAPPER_EXTENSION = app;
			};
			name = Release;
		};
		E3D864E414A210490016B913 /* Debug */ = {
			isa = XCBuildConfiguration;
			buildSettings = {
				BUNDLE_LOADER = "$(BUILT_PRODUCTS_DIR)/Login.app/Login";
				FRAMEWORK_SEARCH_PATHS = (
					"$(SDKROOT)/Developer/Library/Frameworks",
					"$(DEVELOPER_LIBRARY_DIR)/Frameworks",
				);
				GCC_PRECOMPILE_PREFIX_HEADER = YES;
				GCC_PREFIX_HEADER = "Login/Login-Prefix.pch";
				INFOPLIST_FILE = "LoginTests/LoginTests-Info.plist";
				PRODUCT_NAME = "$(TARGET_NAME)";
				TEST_HOST = "$(BUNDLE_LOADER)";
				WRAPPER_EXTENSION = octest;
			};
			name = Debug;
		};
		E3D864E514A210490016B913 /* Release */ = {
			isa = XCBuildConfiguration;
			buildSettings = {
				BUNDLE_LOADER = "$(BUILT_PRODUCTS_DIR)/Login.app/Login";
				FRAMEWORK_SEARCH_PATHS = (
					"$(SDKROOT)/Developer/Library/Frameworks",
					"$(DEVELOPER_LIBRARY_DIR)/Frameworks",
				);
				GCC_PRECOMPILE_PREFIX_HEADER = YES;
				GCC_PREFIX_HEADER = "Login/Login-Prefix.pch";
				INFOPLIST_FILE = "LoginTests/LoginTests-Info.plist";
				PRODUCT_NAME = "$(TARGET_NAME)";
				TEST_HOST = "$(BUNDLE_LOADER)";
				WRAPPER_EXTENSION = octest;
			};
			name = Release;
		};
/* End XCBuildConfiguration section */

/* Begin XCConfigurationList section */
		E3D864A114A210480016B913 /* Build configuration list for PBXProject "Login" */ = {
			isa = XCConfigurationList;
			buildConfigurations = (
				E3D864DE14A210490016B913 /* Debug */,
				E3D864DF14A210490016B913 /* Release */,
			);
			defaultConfigurationIsVisible = 0;
			defaultConfigurationName = Release;
		};
		E3D864E014A210490016B913 /* Build configuration list for PBXNativeTarget "Login" */ = {
			isa = XCConfigurationList;
			buildConfigurations = (
				E3D864E114A210490016B913 /* Debug */,
				E3D864E214A210490016B913 /* Release */,
			);
			defaultConfigurationIsVisible = 0;
		};
		E3D864E314A210490016B913 /* Build configuration list for PBXNativeTarget "LoginTests" */ = {
			isa = XCConfigurationList;
			buildConfigurations = (
				E3D864E414A210490016B913 /* Debug */,
				E3D864E514A210490016B913 /* Release */,
			);
			defaultConfigurationIsVisible = 0;
		};
/* End XCConfigurationList section */
	};
	rootObject = E3D8649E14A210480016B913 /* Project object */;
}
